{
  "requires": true,
  "lockfileVersion": 1,
  "dependencies": {
    "midievents": {
      "version": "2.0.0",
      "resolved": "https://registry.npmjs.org/midievents/-/midievents-2.0.0.tgz",
      "integrity": "sha512-8ABFjr+IKj1ZMAERj0jo99v/ifXU6kCbx9QKj4lM5GccaU81FPk+OVgt3FptGF9zcEsGJY74pl6juRkXDQJs+A=="
    },
    "midifile": {
      "version": "2.0.0",
      "resolved": "https://registry.npmjs.org/midifile/-/midifile-2.0.0.tgz",
      "integrity": "sha512-JQw8RzJ3auOKR/fWIgt6gqKXKrPdq/AZjToQroqTjL0heBa7Ra0EvzRf/y/RDAC/UGMs6eIwB7jLS3nc9DHxZQ==",
      "requires": {
        "midievents": "^2.0.0",
        "utf-8": "^2.0.0"
      }
    },
    "utf-8": {
      "version": "2.0.0",
      "resolved": "https://registry.npmjs.org/utf-8/-/utf-8-2.0.0.tgz",
      "integrity": "sha512-DItg/Z20ltBzugPrb8Mx1oN0F8CqN5bD38T57YM/pF/GOzUsNVXiellI0PbJPq3e1Z7BEDNoWP1H1+4n7g54Cg=="
    }
  }
}
